
Microsoft Visual Studio Solution File, Format Version 12.00
# Visual Studio Version 17
VisualStudioVersion = 17.8.34408.163
MinimumVisualStudioVersion = 10.0.40219.1
Project("{FAE04EC0-301F-11D3-BF4B-00C04F79EFBC}") = "Sharipov", "Sharipov.csproj", "{40FDD95A-2258-4A98-ABBE-7D39F43BD92A}"
EndProject
Global
	GlobalSection(SolutionConfigurationPlatforms) = preSolution
		Debug|Any CPU = Debug|Any CPU
		Release|Any CPU = Release|Any CPU
	EndGlobalSection
	GlobalSection(ProjectConfigurationPlatforms) = postSolution
		{40FDD95A-2258-4A98-ABBE-7D39F43BD92A}.Debug|Any CPU.ActiveCfg = Debug|Any CPU
		{40FDD95A-2258-4A98-ABBE-7D39F43BD92A}.Debug|Any CPU.Build.0 = Debug|Any CPU
		{40FDD95A-2258-4A98-ABBE-7D39F43BD92A}.Release|Any CPU.ActiveCfg = Release|Any CPU
		{40FDD95A-2258-4A98-ABBE-7D39F43BD92A}.Release|Any CPU.Build.0 = Release|Any CPU
	EndGlobalSection
	GlobalSection(SolutionProperties) = preSolution
		HideSolutionNode = FALSE
	EndGlobalSection
	GlobalSection(ExtensibilityGlobals) = postSolution
		SolutionGuid = {9E7F6C23-D759-4D5F-AB7E-40D703DF338F}
	EndGlobalSection
EndGlobal
